
Microsoft Visual Studio Solution File, Format Version 12.00
# Visual Studio 15
VisualStudioVersion = 15.0.27428.2015
MinimumVisualStudioVersion = 10.0.40219.1
Project("{8BC9CEB8-8B4A-11D0-8D11-00A0C91BC942}") = "1.TwoSum", "1.TwoSum\1.TwoSum.vcxproj", "{4762F92A-18BA-4D67-86CA-CE4076A6DC11}"
EndProject
Project("{8BC9CEB8-8B4A-11D0-8D11-00A0C91BC942}") = "744. FindSmallestLetter", "744. FindSmallestLetter\744. FindSmallestLetter.vcxproj", "{7857274A-D463-4B11-A80A-E91A171F9278}"
EndProject
Project("{8BC9CEB8-8B4A-11D0-8D11-00A0C91BC942}") = "641.DesignCircularDeque", "641.DesignCircularDeque\641.DesignCircularDeque.vcxproj", "{51692937-2180-4E04-ACCA-74A62CC9BF85}"
EndProject
Global
	GlobalSection(SolutionConfigurationPlatforms) = preSolution
		Debug|x64 = Debug|x64
		Debug|x86 = Debug|x86
		Release|x64 = Release|x64
		Release|x86 = Release|x86
	EndGlobalSection
	GlobalSection(ProjectConfigurationPlatforms) = postSolution
		{4762F92A-18BA-4D67-86CA-CE4076A6DC11}.Debug|x64.ActiveCfg = Debug|x64
		{4762F92A-18BA-4D67-86CA-CE4076A6DC11}.Debug|x64.Build.0 = Debug|x64
		{4762F92A-18BA-4D67-86CA-CE4076A6DC11}.Debug|x86.ActiveCfg = Debug|Win32
		{4762F92A-18BA-4D67-86CA-CE4076A6DC11}.Debug|x86.Build.0 = Debug|Win32
		{4762F92A-18BA-4D67-86CA-CE4076A6DC11}.Release|x64.ActiveCfg = Release|x64
		{4762F92A-18BA-4D67-86CA-CE4076A6DC11}.Release|x64.Build.0 = Release|x64
		{4762F92A-18BA-4D67-86CA-CE4076A6DC11}.Release|x86.ActiveCfg = Release|Win32
		{4762F92A-18BA-4D67-86CA-CE4076A6DC11}.Release|x86.Build.0 = Release|Win32
		{7857274A-D463-4B11-A80A-E91A171F9278}.Debug|x64.ActiveCfg = Debug|x64
		{7857274A-D463-4B11-A80A-E91A171F9278}.Debug|x64.Build.0 = Debug|x64
		{7857274A-D463-4B11-A80A-E91A171F9278}.Debug|x86.ActiveCfg = Debug|Win32
		{7857274A-D463-4B11-A80A-E91A171F9278}.Debug|x86.Build.0 = Debug|Win32
		{7857274A-D463-4B11-A80A-E91A171F9278}.Release|x64.ActiveCfg = Release|x64
		{7857274A-D463-4B11-A80A-E91A171F9278}.Release|x64.Build.0 = Release|x64
		{7857274A-D463-4B11-A80A-E91A171F9278}.Release|x86.ActiveCfg = Release|Win32
		{7857274A-D463-4B11-A80A-E91A171F9278}.Release|x86.Build.0 = Release|Win32
		{51692937-2180-4E04-ACCA-74A62CC9BF85}.Debug|x64.ActiveCfg = Debug|x64
		{51692937-2180-4E04-ACCA-74A62CC9BF85}.Debug|x64.Build.0 = Debug|x64
		{51692937-2180-4E04-ACCA-74A62CC9BF85}.Debug|x86.ActiveCfg = Debug|Win32
		{51692937-2180-4E04-ACCA-74A62CC9BF85}.Debug|x86.Build.0 = Debug|Win32
		{51692937-2180-4E04-ACCA-74A62CC9BF85}.Release|x64.ActiveCfg = Release|x64
		{51692937-2180-4E04-ACCA-74A62CC9BF85}.Release|x64.Build.0 = Release|x64
		{51692937-2180-4E04-ACCA-74A62CC9BF85}.Release|x86.ActiveCfg = Release|Win32
		{51692937-2180-4E04-ACCA-74A62CC9BF85}.Release|x86.Build.0 = Release|Win32
	EndGlobalSection
	GlobalSection(SolutionProperties) = preSolution
		HideSolutionNode = FALSE
	EndGlobalSection
	GlobalSection(ExtensibilityGlobals) = postSolution
		SolutionGuid = {C3CBC6C6-CC61-4F8B-A895-3BDC3D9B0EFF}
	EndGlobalSection
EndGlobal
